
Microsoft Visual Studio Solution File, Format Version 12.00
# Visual Studio Version 17
VisualStudioVersion = 17.10.35122.118
MinimumVisualStudioVersion = 10.0.40219.1
Project("{FAE04EC0-301F-11D3-BF4B-00C04F79EFBC}") = "Payments Projects", "Payments Projects\Payments Projects.csproj", "{068712B3-4DE6-4052-BC9B-9F0400ADCDC3}"
EndProject
Global
	GlobalSection(SolutionConfigurationPlatforms) = preSolution
		Debug|Any CPU = Debug|Any CPU
		Release|Any CPU = Release|Any CPU
	EndGlobalSection
	GlobalSection(ProjectConfigurationPlatforms) = postSolution
		{068712B3-4DE6-4052-BC9B-9F0400ADCDC3}.Debug|Any CPU.ActiveCfg = Debug|Any CPU
		{068712B3-4DE6-4052-BC9B-9F0400ADCDC3}.Debug|Any CPU.Build.0 = Debug|Any CPU
		{068712B3-4DE6-4052-BC9B-9F0400ADCDC3}.Release|Any CPU.ActiveCfg = Release|Any CPU
		{068712B3-4DE6-4052-BC9B-9F0400ADCDC3}.Release|Any CPU.Build.0 = Release|Any CPU
	EndGlobalSection
	GlobalSection(SolutionProperties) = preSolution
		HideSolutionNode = FALSE
	EndGlobalSection
	GlobalSection(ExtensibilityGlobals) = postSolution
		SolutionGuid = {BB959335-B8B2-4954-9F80-54CBDF8B6DD0}
	EndGlobalSection
EndGlobal
